
Microsoft Visual Studio Solution File, Format Version 12.00
# Visual Studio Version 17
VisualStudioVersion = 17.4.33110.190
MinimumVisualStudioVersion = 10.0.40219.1
Project("{FAE04EC0-301F-11D3-BF4B-00C04F79EFBC}") = "Flappy-Fraud", "Flappy-Fraud\Flappy-Fraud.csproj", "{2FB8EC77-4171-4E61-B50E-A06C5ED26080}"
EndProject
Global
	GlobalSection(SolutionConfigurationPlatforms) = preSolution
		Debug|Any CPU = Debug|Any CPU
		Release|Any CPU = Release|Any CPU
	EndGlobalSection
	GlobalSection(ProjectConfigurationPlatforms) = postSolution
		{2FB8EC77-4171-4E61-B50E-A06C5ED26080}.Debug|Any CPU.ActiveCfg = Debug|Any CPU
		{2FB8EC77-4171-4E61-B50E-A06C5ED26080}.Debug|Any CPU.Build.0 = Debug|Any CPU
		{2FB8EC77-4171-4E61-B50E-A06C5ED26080}.Release|Any CPU.ActiveCfg = Release|Any CPU
		{2FB8EC77-4171-4E61-B50E-A06C5ED26080}.Release|Any CPU.Build.0 = Release|Any CPU
	EndGlobalSection
	GlobalSection(SolutionProperties) = preSolution
		HideSolutionNode = FALSE
	EndGlobalSection
	GlobalSection(ExtensibilityGlobals) = postSolution
		SolutionGuid = {A7397F76-6F19-4526-ADD4-A4147C4D4A59}
	EndGlobalSection
EndGlobal
